# This file is @generated by PDM.
# It is not intended for manual editing.

[metadata]
groups = ["default"]
strategy = ["inherit_metadata"]
lock_version = "4.5.0"
content_hash = "sha256:05908892184fa7ea4062169a1f024e30b5e1243b64ca0f7454e779ca8158894f"

[[metadata.targets]]
requires_python = "==3.12.*"

[[package]]
name = "aiohappyeyeballs"
version = "2.4.3"
requires_python = ">=3.8"
summary = "Happy Eyeballs for asyncio"
groups = ["default"]
files = [
    {file = "aiohappyeyeballs-2.4.3-py3-none-any.whl", hash = "sha256:8a7a83727b2756f394ab2895ea0765a0a8c475e3c71e98d43d76f22b4b435572"},
    {file = "aiohappyeyeballs-2.4.3.tar.gz", hash = "sha256:75cf88a15106a5002a8eb1dab212525c00d1f4c0fa96e551c9fbe6f09a621586"},
]

[[package]]
name = "aiohttp"
version = "3.11.7"
requires_python = ">=3.9"
summary = "Async http client/server framework (asyncio)"
groups = ["default"]
dependencies = [
    "aiohappyeyeballs>=2.3.0",
    "aiosignal>=1.1.2",
    "async-timeout<6.0,>=4.0; python_version < \"3.11\"",
    "attrs>=17.3.0",
    "frozenlist>=1.1.1",
    "multidict<7.0,>=4.5",
    "propcache>=0.2.0",
    "yarl<2.0,>=1.17.0",
]
files = [
    {file = "aiohttp-3.11.7-cp312-cp312-macosx_10_13_universal2.whl", hash = "sha256:4bb7493c3e3a36d3012b8564bd0e2783259ddd7ef3a81a74f0dbfa000fce48b7"},
    {file = "aiohttp-3.11.7-cp312-cp312-macosx_10_13_x86_64.whl", hash = "sha256:e143b0ef9cb1a2b4f74f56d4fbe50caa7c2bb93390aff52f9398d21d89bc73ea"},
    {file = "aiohttp-3.11.7-cp312-cp312-macosx_11_0_arm64.whl", hash = "sha256:f7c58a240260822dc07f6ae32a0293dd5bccd618bb2d0f36d51c5dbd526f89c0"},
    {file = "aiohttp-3.11.7-cp312-cp312-manylinux_2_17_aarch64.manylinux2014_aarch64.whl", hash = "sha256:8d20cfe63a1c135d26bde8c1d0ea46fd1200884afbc523466d2f1cf517d1fe33"},
    {file = "aiohttp-3.11.7-cp312-cp312-manylinux_2_17_ppc64le.manylinux2014_ppc64le.whl", hash = "sha256:12e4d45847a174f77b2b9919719203769f220058f642b08504cf8b1cf185dacf"},
    {file = "aiohttp-3.11.7-cp312-cp312-manylinux_2_17_s390x.manylinux2014_s390x.whl", hash = "sha256:cf4efa2d01f697a7dbd0509891a286a4af0d86902fc594e20e3b1712c28c0106"},
    {file = "aiohttp-3.11.7-cp312-cp312-manylinux_2_17_x86_64.manylinux2014_x86_64.whl", hash = "sha256:9ee6a4cdcbf54b8083dc9723cdf5f41f722c00db40ccf9ec2616e27869151129"},
    {file = "aiohttp-3.11.7-cp312-cp312-manylinux_2_5_i686.manylinux1_i686.manylinux_2_17_i686.manylinux2014_i686.whl", hash = "sha256:c6095aaf852c34f42e1bd0cf0dc32d1e4b48a90bfb5054abdbb9d64b36acadcb"},
    {file = "aiohttp-3.11.7-cp312-cp312-musllinux_1_2_aarch64.whl", hash = "sha256:1cf03d27885f8c5ebf3993a220cc84fc66375e1e6e812731f51aab2b2748f4a6"},
    {file = "aiohttp-3.11.7-cp312-cp312-musllinux_1_2_i686.whl", hash = "sha256:1a17f6a230f81eb53282503823f59d61dff14fb2a93847bf0399dc8e87817307"},
    {file = "aiohttp-3.11.7-cp312-cp312-musllinux_1_2_ppc64le.whl", hash = "sha256:481f10a1a45c5f4c4a578bbd74cff22eb64460a6549819242a87a80788461fba"},
    {file = "aiohttp-3.11.7-cp312-cp312-musllinux_1_2_s390x.whl", hash = "sha256:db37248535d1ae40735d15bdf26ad43be19e3d93ab3f3dad8507eb0f85bb8124"},
    {file = "aiohttp-3.11.7-cp312-cp312-musllinux_1_2_x86_64.whl", hash = "sha256:9d18a8b44ec8502a7fde91446cd9c9b95ce7c49f1eacc1fb2358b8907d4369fd"},
    {file = "aiohttp-3.11.7-cp312-cp312-win32.whl", hash = "sha256:3d1c9c15d3999107cbb9b2d76ca6172e6710a12fda22434ee8bd3f432b7b17e8"},
    {file = "aiohttp-3.11.7-cp312-cp312-win_amd64.whl", hash = "sha256:018f1b04883a12e77e7fc161934c0f298865d3a484aea536a6a2ca8d909f0ba0"},
    {file = "aiohttp-3.11.7.tar.gz", hash = "sha256:01a8aca4af3da85cea5c90141d23f4b0eee3cbecfd33b029a45a80f28c66c668"},
]

[[package]]
name = "aiosignal"
version = "1.3.1"
requires_python = ">=3.7"
summary = "aiosignal: a list of registered asynchronous callbacks"
groups = ["default"]
dependencies = [
    "frozenlist>=1.1.0",
]
files = [
    {file = "aiosignal-1.3.1-py3-none-any.whl", hash = "sha256:f8376fb07dd1e86a584e4fcdec80b36b7f81aac666ebc724e2c090300dd83b17"},
    {file = "aiosignal-1.3.1.tar.gz", hash = "sha256:54cd96e15e1649b75d6c87526a6ff0b6c1b0dd3459f43d9ca11d48c339b68cfc"},
]

[[package]]
name = "annotated-types"
version = "0.7.0"
requires_python = ">=3.8"
summary = "Reusable constraint types to use with typing.Annotated"
groups = ["default"]
dependencies = [
    "typing-extensions>=4.0.0; python_version < \"3.9\"",
]
files = [
    {file = "annotated_types-0.7.0-py3-none-any.whl", hash = "sha256:1f02e8b43a8fbbc3f3e0d4f0f4bfc8131bcb4eebe8849b8e5c773f3a1c582a53"},
    {file = "annotated_types-0.7.0.tar.gz", hash = "sha256:aff07c09a53a08bc8cfccb9c85b05f1aa9a2a6f23728d790723543408344ce89"},
]

[[package]]
name = "attrs"
version = "24.2.0"
requires_python = ">=3.7"
summary = "Classes Without Boilerplate"
groups = ["default"]
dependencies = [
    "importlib-metadata; python_version < \"3.8\"",
]
files = [
    {file = "attrs-24.2.0-py3-none-any.whl", hash = "sha256:81921eb96de3191c8258c199618104dd27ac608d9366f5e35d011eae1867ede2"},
    {file = "attrs-24.2.0.tar.gz", hash = "sha256:5cfb1b9148b5b086569baec03f20d7b6bf3bcacc9a42bebf87ffaaca362f6346"},
]

[[package]]
name = "discord-py"
version = "2.4.0"
requires_python = ">=3.8"
summary = "A Python wrapper for the Discord API"
groups = ["default"]
dependencies = [
    "aiohttp<4,>=3.7.4",
]
files = [
    {file = "discord.py-2.4.0-py3-none-any.whl", hash = "sha256:b8af6711c70f7e62160bfbecb55be699b5cb69d007426759ab8ab06b1bd77d1d"},
    {file = "discord_py-2.4.0.tar.gz", hash = "sha256:d07cb2a223a185873a1d0ee78b9faa9597e45b3f6186df21a95cec1e9bcdc9a5"},
]

[[package]]
name = "frozenlist"
version = "1.5.0"
requires_python = ">=3.8"
summary = "A list-like structure which implements collections.abc.MutableSequence"
groups = ["default"]
files = [
    {file = "frozenlist-1.5.0-cp312-cp312-macosx_10_13_universal2.whl", hash = "sha256:31115ba75889723431aa9a4e77d5f398f5cf976eea3bdf61749731f62d4a4a21"},
    {file = "frozenlist-1.5.0-cp312-cp312-macosx_10_13_x86_64.whl", hash = "sha256:7437601c4d89d070eac8323f121fcf25f88674627505334654fd027b091db09d"},
    {file = "frozenlist-1.5.0-cp312-cp312-macosx_11_0_arm64.whl", hash = "sha256:7948140d9f8ece1745be806f2bfdf390127cf1a763b925c4a805c603df5e697e"},
    {file = "frozenlist-1.5.0-cp312-cp312-manylinux_2_17_aarch64.manylinux2014_aarch64.whl", hash = "sha256:feeb64bc9bcc6b45c6311c9e9b99406660a9c05ca8a5b30d14a78555088b0b3a"},
    {file = "frozenlist-1.5.0-cp312-cp312-manylinux_2_17_ppc64le.manylinux2014_ppc64le.whl", hash = "sha256:683173d371daad49cffb8309779e886e59c2f369430ad28fe715f66d08d4ab1a"},
    {file = "frozenlist-1.5.0-cp312-cp312-manylinux_2_17_s390x.manylinux2014_s390x.whl", hash = "sha256:7d57d8f702221405a9d9b40f9da8ac2e4a1a8b5285aac6100f3393675f0a85ee"},
    {file = "frozenlist-1.5.0-cp312-cp312-manylinux_2_5_i686.manylinux1_i686.manylinux_2_17_i686.manylinux2014_i686.whl", hash = "sha256:30c72000fbcc35b129cb09956836c7d7abf78ab5416595e4857d1cae8d6251a6"},
    {file = "frozenlist-1.5.0-cp312-cp312-manylinux_2_5_x86_64.manylinux1_x86_64.manylinux_2_17_x86_64.manylinux2014_x86_64.whl", hash = "sha256:000a77d6034fbad9b6bb880f7ec073027908f1b40254b5d6f26210d2dab1240e"},
    {file = "frozenlist-1.5.0-cp312-cp312-musllinux_1_2_aarch64.whl", hash = "sha256:5d7f5a50342475962eb18b740f3beecc685a15b52c91f7d975257e13e029eca9"},
    {file = "frozenlist-1.5.0-cp312-cp312-musllinux_1_2_i686.whl", hash = "sha256:87f724d055eb4785d9be84e9ebf0f24e392ddfad00b3fe036e43f489fafc9039"},
    {file = "frozenlist-1.5.0-cp312-cp312-musllinux_1_2_ppc64le.whl", hash = "sha256:6e9080bb2fb195a046e5177f10d9d82b8a204c0736a97a153c2466127de87784"},
    {file = "frozenlist-1.5.0-cp312-cp312-musllinux_1_2_s390x.whl", hash = "sha256:9b93d7aaa36c966fa42efcaf716e6b3900438632a626fb09c049f6a2f09fc631"},
    {file = "frozenlist-1.5.0-cp312-cp312-musllinux_1_2_x86_64.whl", hash = "sha256:52ef692a4bc60a6dd57f507429636c2af8b6046db8b31b18dac02cbc8f507f7f"},
    {file = "frozenlist-1.5.0-cp312-cp312-win32.whl", hash = "sha256:29d94c256679247b33a3dc96cce0f93cbc69c23bf75ff715919332fdbb6a32b8"},
    {file = "frozenlist-1.5.0-cp312-cp312-win_amd64.whl", hash = "sha256:8969190d709e7c48ea386db202d708eb94bdb29207a1f269bab1196ce0dcca1f"},
    {file = "frozenlist-1.5.0-py3-none-any.whl", hash = "sha256:d994863bba198a4a518b467bb971c56e1db3f180a25c6cf7bb1949c267f748c3"},
    {file = "frozenlist-1.5.0.tar.gz", hash = "sha256:81d5af29e61b9c8348e876d442253723928dce6433e0e76cd925cd83f1b4b817"},
]

[[package]]
name = "idna"
version = "3.10"
requires_python = ">=3.6"
summary = "Internationalized Domain Names in Applications (IDNA)"
groups = ["default"]
files = [
    {file = "idna-3.10-py3-none-any.whl", hash = "sha256:946d195a0d259cbba61165e88e65941f16e9b36ea6ddb97f00452bae8b1287d3"},
    {file = "idna-3.10.tar.gz", hash = "sha256:12f65c9b470abda6dc35cf8e63cc574b1c52b11df2c86030af0ac09b01b13ea9"},
]

[[package]]
name = "multidict"
version = "6.1.0"
requires_python = ">=3.8"
summary = "multidict implementation"
groups = ["default"]
dependencies = [
    "typing-extensions>=4.1.0; python_version < \"3.11\"",
]
files = [
    {file = "multidict-6.1.0-cp312-cp312-macosx_10_9_universal2.whl", hash = "sha256:b04772ed465fa3cc947db808fa306d79b43e896beb677a56fb2347ca1a49c1fa"},
    {file = "multidict-6.1.0-cp312-cp312-macosx_10_9_x86_64.whl", hash = "sha256:6180c0ae073bddeb5a97a38c03f30c233e0a4d39cd86166251617d1bbd0af436"},
    {file = "multidict-6.1.0-cp312-cp312-macosx_11_0_arm64.whl", hash = "sha256:071120490b47aa997cca00666923a83f02c7fbb44f71cf7f136df753f7fa8761"},
    {file = "multidict-6.1.0-cp312-cp312-manylinux_2_17_aarch64.manylinux2014_aarch64.whl", hash = "sha256:50b3a2710631848991d0bf7de077502e8994c804bb805aeb2925a981de58ec2e"},
    {file = "multidict-6.1.0-cp312-cp312-manylinux_2_17_ppc64le.manylinux2014_ppc64le.whl", hash = "sha256:b58c621844d55e71c1b7f7c498ce5aa6985d743a1a59034c57a905b3f153c1ef"},
    {file = "multidict-6.1.0-cp312-cp312-manylinux_2_17_s390x.manylinux2014_s390x.whl", hash = "sha256:55b6d90641869892caa9ca42ff913f7ff1c5ece06474fbd32fb2cf6834726c95"},
    {file = "multidict-6.1.0-cp312-cp312-manylinux_2_17_x86_64.manylinux2014_x86_64.whl", hash = "sha256:4b820514bfc0b98a30e3d85462084779900347e4d49267f747ff54060cc33925"},
    {file = "multidict-6.1.0-cp312-cp312-manylinux_2_5_i686.manylinux1_i686.manylinux_2_17_i686.manylinux2014_i686.whl", hash = "sha256:10a9b09aba0c5b48c53761b7c720aaaf7cf236d5fe394cd399c7ba662d5f9966"},
    {file = "multidict-6.1.0-cp312-cp312-musllinux_1_2_aarch64.whl", hash = "sha256:1e16bf3e5fc9f44632affb159d30a437bfe286ce9e02754759be5536b169b305"},
    {file = "multidict-6.1.0-cp312-cp312-musllinux_1_2_i686.whl", hash = "sha256:76f364861c3bfc98cbbcbd402d83454ed9e01a5224bb3a28bf70002a230f73e2"},
    {file = "multidict-6.1.0-cp312-cp312-musllinux_1_2_ppc64le.whl", hash = "sha256:820c661588bd01a0aa62a1283f20d2be4281b086f80dad9e955e690c75fb54a2"},
    {file = "multidict-6.1.0-cp312-cp312-musllinux_1_2_s390x.whl", hash = "sha256:0e5f362e895bc5b9e67fe6e4ded2492d8124bdf817827f33c5b46c2fe3ffaca6"},
    {file = "multidict-6.1.0-cp312-cp312-musllinux_1_2_x86_64.whl", hash = "sha256:3ec660d19bbc671e3a6443325f07263be452c453ac9e512f5eb935e7d4ac28b3"},
    {file = "multidict-6.1.0-cp312-cp312-win32.whl", hash = "sha256:58130ecf8f7b8112cdb841486404f1282b9c86ccb30d3519faf301b2e5659133"},
    {file = "multidict-6.1.0-cp312-cp312-win_amd64.whl", hash = "sha256:188215fc0aafb8e03341995e7c4797860181562380f81ed0a87ff455b70bf1f1"},
    {file = "multidict-6.1.0-py3-none-any.whl", hash = "sha256:48e171e52d1c4d33888e529b999e5900356b9ae588c2f09a52dcefb158b27506"},
    {file = "multidict-6.1.0.tar.gz", hash = "sha256:22ae2ebf9b0c69d206c003e2f6a914ea33f0a932d4aa16f236afc049d9958f4a"},
]

[[package]]
name = "propcache"
version = "0.2.0"
requires_python = ">=3.8"
summary = "Accelerated property cache"
groups = ["default"]
files = [
    {file = "propcache-0.2.0-cp312-cp312-macosx_10_13_universal2.whl", hash = "sha256:2ee7606193fb267be4b2e3b32714f2d58cad27217638db98a60f9efb5efeccc2"},
    {file = "propcache-0.2.0-cp312-cp312-macosx_10_13_x86_64.whl", hash = "sha256:91ee8fc02ca52e24bcb77b234f22afc03288e1dafbb1f88fe24db308910c4ac7"},
    {file = "propcache-0.2.0-cp312-cp312-macosx_11_0_arm64.whl", hash = "sha256:2e900bad2a8456d00a113cad8c13343f3b1f327534e3589acc2219729237a2e8"},
    {file = "propcache-0.2.0-cp312-cp312-manylinux_2_17_aarch64.manylinux2014_aarch64.whl", hash = "sha256:f52a68c21363c45297aca15561812d542f8fc683c85201df0bebe209e349f793"},
    {file = "propcache-0.2.0-cp312-cp312-manylinux_2_17_ppc64le.manylinux2014_ppc64le.whl", hash = "sha256:1e41d67757ff4fbc8ef2af99b338bfb955010444b92929e9e55a6d4dcc3c4f09"},
    {file = "propcache-0.2.0-cp312-cp312-manylinux_2_17_s390x.manylinux2014_s390x.whl", hash = "sha256:a64e32f8bd94c105cc27f42d3b658902b5bcc947ece3c8fe7bc1b05982f60e89"},
    {file = "propcache-0.2.0-cp312-cp312-manylinux_2_17_x86_64.manylinux2014_x86_64.whl", hash = "sha256:55346705687dbd7ef0d77883ab4f6fabc48232f587925bdaf95219bae072491e"},
    {file = "propcache-0.2.0-cp312-cp312-manylinux_2_5_i686.manylinux1_i686.manylinux_2_17_i686.manylinux2014_i686.whl", hash = "sha256:00181262b17e517df2cd85656fcd6b4e70946fe62cd625b9d74ac9977b64d8d9"},
    {file = "propcache-0.2.0-cp312-cp312-musllinux_1_2_aarch64.whl", hash = "sha256:6994984550eaf25dd7fc7bd1b700ff45c894149341725bb4edc67f0ffa94efa4"},
    {file = "propcache-0.2.0-cp312-cp312-musllinux_1_2_armv7l.whl", hash = "sha256:56295eb1e5f3aecd516d91b00cfd8bf3a13991de5a479df9e27dd569ea23959c"},
    {file = "propcache-0.2.0-cp312-cp312-musllinux_1_2_i686.whl", hash = "sha256:439e76255daa0f8151d3cb325f6dd4a3e93043e6403e6491813bcaaaa8733887"},
    {file = "propcache-0.2.0-cp312-cp312-musllinux_1_2_ppc64le.whl", hash = "sha256:f6475a1b2ecb310c98c28d271a30df74f9dd436ee46d09236a6b750a7599ce57"},
    {file = "propcache-0.2.0-cp312-cp312-musllinux_1_2_s390x.whl", hash = "sha256:3444cdba6628accf384e349014084b1cacd866fbb88433cd9d279d90a54e0b23"},
    {file = "propcache-0.2.0-cp312-cp312-musllinux_1_2_x86_64.whl", hash = "sha256:4a9d9b4d0a9b38d1c391bb4ad24aa65f306c6f01b512e10a8a34a2dc5675d348"},
    {file = "propcache-0.2.0-cp312-cp312-win32.whl", hash = "sha256:69d3a98eebae99a420d4b28756c8ce6ea5a29291baf2dc9ff9414b42676f61d5"},
    {file = "propcache-0.2.0-cp312-cp312-win_amd64.whl", hash = "sha256:ad9c9b99b05f163109466638bd30ada1722abb01bbb85c739c50b6dc11f92dc3"},
    {file = "propcache-0.2.0-py3-none-any.whl", hash = "sha256:2ccc28197af5313706511fab3a8b66dcd6da067a1331372c82ea1cb74285e036"},
    {file = "propcache-0.2.0.tar.gz", hash = "sha256:df81779732feb9d01e5d513fad0122efb3d53bbc75f61b2a4f29a020bc985e70"},
]

[[package]]
name = "pydantic"
version = "2.10.1"
requires_python = ">=3.8"
summary = "Data validation using Python type hints"
groups = ["default"]
dependencies = [
    "annotated-types>=0.6.0",
    "pydantic-core==2.27.1",
    "typing-extensions>=4.12.2",
]
files = [
    {file = "pydantic-2.10.1-py3-none-any.whl", hash = "sha256:a8d20db84de64cf4a7d59e899c2caf0fe9d660c7cfc482528e7020d7dd189a7e"},
    {file = "pydantic-2.10.1.tar.gz", hash = "sha256:a4daca2dc0aa429555e0656d6bf94873a7dc5f54ee42b1f5873d666fb3f35560"},
]

[[package]]
name = "pydantic-core"
version = "2.27.1"
requires_python = ">=3.8"
summary = "Core functionality for Pydantic validation and serialization"
groups = ["default"]
dependencies = [
    "typing-extensions!=4.7.0,>=4.6.0",
]
files = [
    {file = "pydantic_core-2.27.1-cp312-cp312-macosx_10_12_x86_64.whl", hash = "sha256:9cbd94fc661d2bab2bc702cddd2d3370bbdcc4cd0f8f57488a81bcce90c7a54f"},
    {file = "pydantic_core-2.27.1-cp312-cp312-macosx_11_0_arm64.whl", hash = "sha256:5f8c4718cd44ec1580e180cb739713ecda2bdee1341084c1467802a417fe0f02"},
    {file = "pydantic_core-2.27.1-cp312-cp312-manylinux_2_17_aarch64.manylinux2014_aarch64.whl", hash = "sha256:15aae984e46de8d376df515f00450d1522077254ef6b7ce189b38ecee7c9677c"},
    {file = "pydantic_core-2.27.1-cp312-cp312-manylinux_2_17_armv7l.manylinux2014_armv7l.whl", hash = "sha256:1ba5e3963344ff25fc8c40da90f44b0afca8cfd89d12964feb79ac1411a260ac"},
    {file = "pydantic_core-2.27.1-cp312-cp312-manylinux_2_17_ppc64le.manylinux2014_ppc64le.whl", hash = "sha256:992cea5f4f3b29d6b4f7f1726ed8ee46c8331c6b4eed6db5b40134c6fe1768bb"},
    {file = "pydantic_core-2.27.1-cp312-cp312-manylinux_2_17_s390x.manylinux2014_s390x.whl", hash = "sha256:0325336f348dbee6550d129b1627cb8f5351a9dc91aad141ffb96d4937bd9529"},
    {file = "pydantic_core-2.27.1-cp312-cp312-manylinux_2_17_x86_64.manylinux2014_x86_64.whl", hash = "sha256:7597c07fbd11515f654d6ece3d0e4e5093edc30a436c63142d9a4b8e22f19c35"},
    {file = "pydantic_core-2.27.1-cp312-cp312-manylinux_2_5_i686.manylinux1_i686.whl", hash = "sha256:3bbd5d8cc692616d5ef6fbbbd50dbec142c7e6ad9beb66b78a96e9c16729b089"},
    {file = "pydantic_core-2.27.1-cp312-cp312-musllinux_1_1_aarch64.whl", hash = "sha256:dc61505e73298a84a2f317255fcc72b710b72980f3a1f670447a21efc88f8381"},
    {file = "pydantic_core-2.27.1-cp312-cp312-musllinux_1_1_armv7l.whl", hash = "sha256:e1f735dc43da318cad19b4173dd1ffce1d84aafd6c9b782b3abc04a0d5a6f5bb"},
    {file = "pydantic_core-2.27.1-cp312-cp312-musllinux_1_1_x86_64.whl", hash = "sha256:f4e5658dbffe8843a0f12366a4c2d1c316dbe09bb4dfbdc9d2d9cd6031de8aae"},
    {file = "pydantic_core-2.27.1-cp312-none-win32.whl", hash = "sha256:672ebbe820bb37988c4d136eca2652ee114992d5d41c7e4858cdd90ea94ffe5c"},
    {file = "pydantic_core-2.27.1-cp312-none-win_amd64.whl", hash = "sha256:66ff044fd0bb1768688aecbe28b6190f6e799349221fb0de0e6f4048eca14c16"},
    {file = "pydantic_core-2.27.1-cp312-none-win_arm64.whl", hash = "sha256:9a3b0793b1bbfd4146304e23d90045f2a9b5fd5823aa682665fbdaf2a6c28f3e"},
    {file = "pydantic_core-2.27.1.tar.gz", hash = "sha256:62a763352879b84aa31058fc931884055fd75089cccbd9d58bb6afd01141b235"},
]

[[package]]
name = "pydantic-settings"
version = "2.6.1"
requires_python = ">=3.8"
summary = "Settings management using Pydantic"
groups = ["default"]
dependencies = [
    "pydantic>=2.7.0",
    "python-dotenv>=0.21.0",
]
files = [
    {file = "pydantic_settings-2.6.1-py3-none-any.whl", hash = "sha256:7fb0637c786a558d3103436278a7c4f1cfd29ba8973238a50c5bb9a55387da87"},
    {file = "pydantic_settings-2.6.1.tar.gz", hash = "sha256:e0f92546d8a9923cb8941689abf85d6601a8c19a23e97a34b2964a2e3f813ca0"},
]

[[package]]
name = "python-dotenv"
version = "1.0.1"
requires_python = ">=3.8"
summary = "Read key-value pairs from a .env file and set them as environment variables"
groups = ["default"]
files = [
    {file = "python-dotenv-1.0.1.tar.gz", hash = "sha256:e324ee90a023d808f1959c46bcbc04446a10ced277783dc6ee09987c37ec10ca"},
    {file = "python_dotenv-1.0.1-py3-none-any.whl", hash = "sha256:f7b63ef50f1b690dddf550d03497b66d609393b40b564ed0d674909a68ebf16a"},
]

[[package]]
name = "typing-extensions"
version = "4.12.2"
requires_python = ">=3.8"
summary = "Backported and Experimental Type Hints for Python 3.8+"
groups = ["default"]
files = [
    {file = "typing_extensions-4.12.2-py3-none-any.whl", hash = "sha256:04e5ca0351e0f3f85c6853954072df659d0d13fac324d0072316b67d7794700d"},
    {file = "typing_extensions-4.12.2.tar.gz", hash = "sha256:1a7ead55c7e559dd4dee8856e3a88b41225abfe1ce8df57b7c13915fe121ffb8"},
]

[[package]]
name = "yarl"
version = "1.18.0"
requires_python = ">=3.9"
summary = "Yet another URL library"
groups = ["default"]
dependencies = [
    "idna>=2.0",
    "multidict>=4.0",
    "propcache>=0.2.0",
]
files = [
    {file = "yarl-1.18.0-cp312-cp312-macosx_10_13_universal2.whl", hash = "sha256:1ece25e2251c28bab737bdf0519c88189b3dd9492dc086a1d77336d940c28ced"},
    {file = "yarl-1.18.0-cp312-cp312-macosx_10_13_x86_64.whl", hash = "sha256:454902dc1830d935c90b5b53c863ba2a98dcde0fbaa31ca2ed1ad33b2a7171c6"},
    {file = "yarl-1.18.0-cp312-cp312-macosx_11_0_arm64.whl", hash = "sha256:01be8688fc211dc237e628fcc209dda412d35de7642453059a0553747018d075"},
    {file = "yarl-1.18.0-cp312-cp312-manylinux_2_17_aarch64.manylinux2014_aarch64.whl", hash = "sha256:4d26f1fa9fa2167bb238f6f4b20218eb4e88dd3ef21bb8f97439fa6b5313e30d"},
    {file = "yarl-1.18.0-cp312-cp312-manylinux_2_17_ppc64le.manylinux2014_ppc64le.whl", hash = "sha256:b234a4a9248a9f000b7a5dfe84b8cb6210ee5120ae70eb72a4dcbdb4c528f72f"},
    {file = "yarl-1.18.0-cp312-cp312-manylinux_2_17_s390x.manylinux2014_s390x.whl", hash = "sha256:fe94d1de77c4cd8caff1bd5480e22342dbd54c93929f5943495d9c1e8abe9f42"},
    {file = "yarl-1.18.0-cp312-cp312-manylinux_2_17_x86_64.manylinux2014_x86_64.whl", hash = "sha256:9b4c90c5363c6b0a54188122b61edb919c2cd1119684999d08cd5e538813a28e"},
    {file = "yarl-1.18.0-cp312-cp312-manylinux_2_5_i686.manylinux1_i686.manylinux_2_17_i686.manylinux2014_i686.whl", hash = "sha256:49a98ecadc5a241c9ba06de08127ee4796e1009555efd791bac514207862b43d"},
    {file = "yarl-1.18.0-cp312-cp312-musllinux_1_2_aarch64.whl", hash = "sha256:9106025c7f261f9f5144f9aa7681d43867eed06349a7cfb297a1bc804de2f0d1"},
    {file = "yarl-1.18.0-cp312-cp312-musllinux_1_2_armv7l.whl", hash = "sha256:f275ede6199d0f1ed4ea5d55a7b7573ccd40d97aee7808559e1298fe6efc8dbd"},
    {file = "yarl-1.18.0-cp312-cp312-musllinux_1_2_i686.whl", hash = "sha256:f7edeb1dcc7f50a2c8e08b9dc13a413903b7817e72273f00878cb70e766bdb3b"},
    {file = "yarl-1.18.0-cp312-cp312-musllinux_1_2_ppc64le.whl", hash = "sha256:c083f6dd6951b86e484ebfc9c3524b49bcaa9c420cb4b2a78ef9f7a512bfcc85"},
    {file = "yarl-1.18.0-cp312-cp312-musllinux_1_2_s390x.whl", hash = "sha256:80741ec5b471fbdfb997821b2842c59660a1c930ceb42f8a84ba8ca0f25a66aa"},
    {file = "yarl-1.18.0-cp312-cp312-musllinux_1_2_x86_64.whl", hash = "sha256:b1a3297b9cad594e1ff0c040d2881d7d3a74124a3c73e00c3c71526a1234a9f7"},
    {file = "yarl-1.18.0-cp312-cp312-win32.whl", hash = "sha256:cd6ab7d6776c186f544f893b45ee0c883542b35e8a493db74665d2e594d3ca75"},
    {file = "yarl-1.18.0-cp312-cp312-win_amd64.whl", hash = "sha256:039c299a0864d1f43c3e31570045635034ea7021db41bf4842693a72aca8df3a"},
    {file = "yarl-1.18.0-py3-none-any.whl", hash = "sha256:dbf53db46f7cf176ee01d8d98c39381440776fcda13779d269a8ba664f69bec0"},
    {file = "yarl-1.18.0.tar.gz", hash = "sha256:20d95535e7d833889982bfe7cc321b7f63bf8879788fee982c76ae2b24cfb715"},
]
